
Microsoft Visual Studio Solution File, Format Version 12.00
# Visual Studio Version 17
VisualStudioVersion = 17.7.34003.232
MinimumVisualStudioVersion = 10.0.40219.1
Project("{9A19103F-16F7-4668-BE54-9A1E7A4F7556}") = "BassJam", "BassJam\BassJam.csproj", "{197584B3-F240-40AB-9E35-DBD2AC539AC7}"
EndProject
Project("{FAE04EC0-301F-11D3-BF4B-00C04F79EFBC}") = "BassJamSpriteProcessor", "BassJamSpriteProcessor\BassJamSpriteProcessor.csproj", "{6CF111C4-9213-4B4B-B86D-3058EC924BE5}"
EndProject
Project("{D954291E-2A0B-460D-934E-DC6B0785DB48}") = "BassJamShared", "BassJamShared\BassJamShared.shproj", "{E89D1BAC-28E4-434D-857A-3BE1D35E279C}"
EndProject
Project("{9A19103F-16F7-4668-BE54-9A1E7A4F7556}") = "BassJamPlugin", "BassJamPlugin\BassJamPlugin.csproj", "{D2D7B37A-FA58-4292-B4DE-2F24EFF36B60}"
EndProject
Project("{D954291E-2A0B-460D-934E-DC6B0785DB48}") = "SongFormat", "..\OpenSongChart\SongFormat\SongFormat.shproj", "{595D9376-81D5-4163-9045-BD1D72A45B16}"
EndProject
Project("{9A19103F-16F7-4668-BE54-9A1E7A4F7556}") = "UILayout.MonoGame", "..\UILayout\UILayout.MonoGame\UILayout.MonoGame.csproj", "{435AADCF-6892-4B44-94A1-1E6EA624D80C}"
EndProject
Project("{FAE04EC0-301F-11D3-BF4B-00C04F79EFBC}") = "BassJamImageProcessor", "BassJamImageProcessor\BassJamImageProcessor.csproj", "{9C8653B7-650A-483D-BCD2-C6A969268B7C}"
EndProject
Global
	GlobalSection(SolutionConfigurationPlatforms) = preSolution
		Debug Build CLI|Any CPU = Debug Build CLI|Any CPU
		Debug Build CLI|x64 = Debug Build CLI|x64
		Debug Build CLI|x86 = Debug Build CLI|x86
		Debug|Any CPU = Debug|Any CPU
		Debug|x64 = Debug|x64
		Debug|x86 = Debug|x86
		Release|Any CPU = Release|Any CPU
		Release|x64 = Release|x64
		Release|x86 = Release|x86
	EndGlobalSection
	GlobalSection(ProjectConfigurationPlatforms) = postSolution
		{197584B3-F240-40AB-9E35-DBD2AC539AC7}.Debug Build CLI|Any CPU.ActiveCfg = Debug|Any CPU
		{197584B3-F240-40AB-9E35-DBD2AC539AC7}.Debug Build CLI|Any CPU.Build.0 = Debug|Any CPU
		{197584B3-F240-40AB-9E35-DBD2AC539AC7}.Debug Build CLI|x64.ActiveCfg = Debug|Any CPU
		{197584B3-F240-40AB-9E35-DBD2AC539AC7}.Debug Build CLI|x64.Build.0 = Debug|Any CPU
		{197584B3-F240-40AB-9E35-DBD2AC539AC7}.Debug Build CLI|x86.ActiveCfg = Debug|Any CPU
		{197584B3-F240-40AB-9E35-DBD2AC539AC7}.Debug Build CLI|x86.Build.0 = Debug|Any CPU
		{197584B3-F240-40AB-9E35-DBD2AC539AC7}.Debug|Any CPU.ActiveCfg = Debug|Any CPU
		{197584B3-F240-40AB-9E35-DBD2AC539AC7}.Debug|Any CPU.Build.0 = Debug|Any CPU
		{197584B3-F240-40AB-9E35-DBD2AC539AC7}.Debug|x64.ActiveCfg = Debug|Any CPU
		{197584B3-F240-40AB-9E35-DBD2AC539AC7}.Debug|x64.Build.0 = Debug|Any CPU
		{197584B3-F240-40AB-9E35-DBD2AC539AC7}.Debug|x86.ActiveCfg = Debug|Any CPU
		{197584B3-F240-40AB-9E35-DBD2AC539AC7}.Debug|x86.Build.0 = Debug|Any CPU
		{197584B3-F240-40AB-9E35-DBD2AC539AC7}.Release|Any CPU.ActiveCfg = Release|Any CPU
		{197584B3-F240-40AB-9E35-DBD2AC539AC7}.Release|Any CPU.Build.0 = Release|Any CPU
		{197584B3-F240-40AB-9E35-DBD2AC539AC7}.Release|x64.ActiveCfg = Release|Any CPU
		{197584B3-F240-40AB-9E35-DBD2AC539AC7}.Release|x64.Build.0 = Release|Any CPU
		{197584B3-F240-40AB-9E35-DBD2AC539AC7}.Release|x86.ActiveCfg = Release|Any CPU
		{197584B3-F240-40AB-9E35-DBD2AC539AC7}.Release|x86.Build.0 = Release|Any CPU
		{6CF111C4-9213-4B4B-B86D-3058EC924BE5}.Debug Build CLI|Any CPU.ActiveCfg = Debug|Any CPU
		{6CF111C4-9213-4B4B-B86D-3058EC924BE5}.Debug Build CLI|Any CPU.Build.0 = Debug|Any CPU
		{6CF111C4-9213-4B4B-B86D-3058EC924BE5}.Debug Build CLI|x64.ActiveCfg = Debug|Any CPU
		{6CF111C4-9213-4B4B-B86D-3058EC924BE5}.Debug Build CLI|x64.Build.0 = Debug|Any CPU
		{6CF111C4-9213-4B4B-B86D-3058EC924BE5}.Debug Build CLI|x86.ActiveCfg = Debug|Any CPU
		{6CF111C4-9213-4B4B-B86D-3058EC924BE5}.Debug Build CLI|x86.Build.0 = Debug|Any CPU
		{6CF111C4-9213-4B4B-B86D-3058EC924BE5}.Debug|Any CPU.ActiveCfg = Debug|Any CPU
		{6CF111C4-9213-4B4B-B86D-3058EC924BE5}.Debug|Any CPU.Build.0 = Debug|Any CPU
		{6CF111C4-9213-4B4B-B86D-3058EC924BE5}.Debug|x64.ActiveCfg = Debug|Any CPU
		{6CF111C4-9213-4B4B-B86D-3058EC924BE5}.Debug|x64.Build.0 = Debug|Any CPU
		{6CF111C4-9213-4B4B-B86D-3058EC924BE5}.Debug|x86.ActiveCfg = Debug|Any CPU
		{6CF111C4-9213-4B4B-B86D-3058EC924BE5}.Debug|x86.Build.0 = Debug|Any CPU
		{6CF111C4-9213-4B4B-B86D-3058EC924BE5}.Release|Any CPU.ActiveCfg = Release|Any CPU
		{6CF111C4-9213-4B4B-B86D-3058EC924BE5}.Release|Any CPU.Build.0 = Release|Any CPU
		{6CF111C4-9213-4B4B-B86D-3058EC924BE5}.Release|x64.ActiveCfg = Release|Any CPU
		{6CF111C4-9213-4B4B-B86D-3058EC924BE5}.Release|x64.Build.0 = Release|Any CPU
		{6CF111C4-9213-4B4B-B86D-3058EC924BE5}.Release|x86.ActiveCfg = Release|Any CPU
		{6CF111C4-9213-4B4B-B86D-3058EC924BE5}.Release|x86.Build.0 = Release|Any CPU
		{D2D7B37A-FA58-4292-B4DE-2F24EFF36B60}.Debug Build CLI|Any CPU.ActiveCfg = Debug|Any CPU
		{D2D7B37A-FA58-4292-B4DE-2F24EFF36B60}.Debug Build CLI|Any CPU.Build.0 = Debug|Any CPU
		{D2D7B37A-FA58-4292-B4DE-2F24EFF36B60}.Debug Build CLI|x64.ActiveCfg = Debug|Any CPU
		{D2D7B37A-FA58-4292-B4DE-2F24EFF36B60}.Debug Build CLI|x64.Build.0 = Debug|Any CPU
		{D2D7B37A-FA58-4292-B4DE-2F24EFF36B60}.Debug Build CLI|x86.ActiveCfg = Debug|Any CPU
		{D2D7B37A-FA58-4292-B4DE-2F24EFF36B60}.Debug Build CLI|x86.Build.0 = Debug|Any CPU
		{D2D7B37A-FA58-4292-B4DE-2F24EFF36B60}.Debug|Any CPU.ActiveCfg = Debug|Any CPU
		{D2D7B37A-FA58-4292-B4DE-2F24EFF36B60}.Debug|Any CPU.Build.0 = Debug|Any CPU
		{D2D7B37A-FA58-4292-B4DE-2F24EFF36B60}.Debug|x64.ActiveCfg = Debug|Any CPU
		{D2D7B37A-FA58-4292-B4DE-2F24EFF36B60}.Debug|x64.Build.0 = Debug|Any CPU
		{D2D7B37A-FA58-4292-B4DE-2F24EFF36B60}.Debug|x86.ActiveCfg = Debug|Any CPU
		{D2D7B37A-FA58-4292-B4DE-2F24EFF36B60}.Debug|x86.Build.0 = Debug|Any CPU
		{D2D7B37A-FA58-4292-B4DE-2F24EFF36B60}.Release|Any CPU.ActiveCfg = Release|Any CPU
		{D2D7B37A-FA58-4292-B4DE-2F24EFF36B60}.Release|Any CPU.Build.0 = Release|Any CPU
		{D2D7B37A-FA58-4292-B4DE-2F24EFF36B60}.Release|x64.ActiveCfg = Release|Any CPU
		{D2D7B37A-FA58-4292-B4DE-2F24EFF36B60}.Release|x64.Build.0 = Release|Any CPU
		{D2D7B37A-FA58-4292-B4DE-2F24EFF36B60}.Release|x86.ActiveCfg = Release|Any CPU
		{D2D7B37A-FA58-4292-B4DE-2F24EFF36B60}.Release|x86.Build.0 = Release|Any CPU
		{435AADCF-6892-4B44-94A1-1E6EA624D80C}.Debug Build CLI|Any CPU.ActiveCfg = Debug|Any CPU
		{435AADCF-6892-4B44-94A1-1E6EA624D80C}.Debug Build CLI|Any CPU.Build.0 = Debug|Any CPU
		{435AADCF-6892-4B44-94A1-1E6EA624D80C}.Debug Build CLI|x64.ActiveCfg = Debug|Any CPU
		{435AADCF-6892-4B44-94A1-1E6EA624D80C}.Debug Build CLI|x64.Build.0 = Debug|Any CPU
		{435AADCF-6892-4B44-94A1-1E6EA624D80C}.Debug Build CLI|x86.ActiveCfg = Debug|Any CPU
		{435AADCF-6892-4B44-94A1-1E6EA624D80C}.Debug Build CLI|x86.Build.0 = Debug|Any CPU
		{435AADCF-6892-4B44-94A1-1E6EA624D80C}.Debug|Any CPU.ActiveCfg = Debug|Any CPU
		{435AADCF-6892-4B44-94A1-1E6EA624D80C}.Debug|Any CPU.Build.0 = Debug|Any CPU
		{435AADCF-6892-4B44-94A1-1E6EA624D80C}.Debug|x64.ActiveCfg = Debug|Any CPU
		{435AADCF-6892-4B44-94A1-1E6EA624D80C}.Debug|x64.Build.0 = Debug|Any CPU
		{435AADCF-6892-4B44-94A1-1E6EA624D80C}.Debug|x86.ActiveCfg = Debug|Any CPU
		{435AADCF-6892-4B44-94A1-1E6EA624D80C}.Debug|x86.Build.0 = Debug|Any CPU
		{435AADCF-6892-4B44-94A1-1E6EA624D80C}.Release|Any CPU.ActiveCfg = Release|Any CPU
		{435AADCF-6892-4B44-94A1-1E6EA624D80C}.Release|Any CPU.Build.0 = Release|Any CPU
		{435AADCF-6892-4B44-94A1-1E6EA624D80C}.Release|x64.ActiveCfg = Release|Any CPU
		{435AADCF-6892-4B44-94A1-1E6EA624D80C}.Release|x64.Build.0 = Release|Any CPU
		{435AADCF-6892-4B44-94A1-1E6EA624D80C}.Release|x86.ActiveCfg = Release|Any CPU
		{435AADCF-6892-4B44-94A1-1E6EA624D80C}.Release|x86.Build.0 = Release|Any CPU
		{9C8653B7-650A-483D-BCD2-C6A969268B7C}.Debug Build CLI|Any CPU.ActiveCfg = Debug|Any CPU
		{9C8653B7-650A-483D-BCD2-C6A969268B7C}.Debug Build CLI|Any CPU.Build.0 = Debug|Any CPU
		{9C8653B7-650A-483D-BCD2-C6A969268B7C}.Debug Build CLI|x64.ActiveCfg = Debug|Any CPU
		{9C8653B7-650A-483D-BCD2-C6A969268B7C}.Debug Build CLI|x64.Build.0 = Debug|Any CPU
		{9C8653B7-650A-483D-BCD2-C6A969268B7C}.Debug Build CLI|x86.ActiveCfg = Debug|Any CPU
		{9C8653B7-650A-483D-BCD2-C6A969268B7C}.Debug Build CLI|x86.Build.0 = Debug|Any CPU
		{9C8653B7-650A-483D-BCD2-C6A969268B7C}.Debug|Any CPU.ActiveCfg = Debug|Any CPU
		{9C8653B7-650A-483D-BCD2-C6A969268B7C}.Debug|Any CPU.Build.0 = Debug|Any CPU
		{9C8653B7-650A-483D-BCD2-C6A969268B7C}.Debug|x64.ActiveCfg = Debug|Any CPU
		{9C8653B7-650A-483D-BCD2-C6A969268B7C}.Debug|x64.Build.0 = Debug|Any CPU
		{9C8653B7-650A-483D-BCD2-C6A969268B7C}.Debug|x86.ActiveCfg = Debug|Any CPU
		{9C8653B7-650A-483D-BCD2-C6A969268B7C}.Debug|x86.Build.0 = Debug|Any CPU
		{9C8653B7-650A-483D-BCD2-C6A969268B7C}.Release|Any CPU.ActiveCfg = Release|Any CPU
		{9C8653B7-650A-483D-BCD2-C6A969268B7C}.Release|Any CPU.Build.0 = Release|Any CPU
		{9C8653B7-650A-483D-BCD2-C6A969268B7C}.Release|x64.ActiveCfg = Release|Any CPU
		{9C8653B7-650A-483D-BCD2-C6A969268B7C}.Release|x64.Build.0 = Release|Any CPU
		{9C8653B7-650A-483D-BCD2-C6A969268B7C}.Release|x86.ActiveCfg = Release|Any CPU
		{9C8653B7-650A-483D-BCD2-C6A969268B7C}.Release|x86.Build.0 = Release|Any CPU
	EndGlobalSection
	GlobalSection(SolutionProperties) = preSolution
		HideSolutionNode = FALSE
	EndGlobalSection
	GlobalSection(ExtensibilityGlobals) = postSolution
		SolutionGuid = {AD240CF6-8533-4CAC-BEB9-3C93FFD34FF7}
	EndGlobalSection
	GlobalSection(SharedMSBuildProjectFiles) = preSolution
		BassJamShared\BassJamShared.projitems*{197584b3-f240-40ab-9e35-dbd2ac539ac7}*SharedItemsImports = 5
		..\OpenSongChart\SongFormat\SongFormat.projitems*{197584b3-f240-40ab-9e35-dbd2ac539ac7}*SharedItemsImports = 5
		..\UILayout\UILayout\UILayout.projitems*{435aadcf-6892-4b44-94a1-1e6ea624d80c}*SharedItemsImports = 5
		..\OpenSongChart\SongFormat\SongFormat.projitems*{595d9376-81d5-4163-9045-bd1d72a45b16}*SharedItemsImports = 13
		BassJamShared\BassJamShared.projitems*{d2d7b37a-fa58-4292-b4de-2f24eff36b60}*SharedItemsImports = 5
		..\OpenSongChart\SongFormat\SongFormat.projitems*{d2d7b37a-fa58-4292-b4de-2f24eff36b60}*SharedItemsImports = 5
		BassJamShared\BassJamShared.projitems*{e89d1bac-28e4-434d-857a-3be1d35e279c}*SharedItemsImports = 13
	EndGlobalSection
EndGlobal
